
Microsoft Visual Studio Solution File, Format Version 12.00
# Visual Studio Version 17
VisualStudioVersion = 17.5.33424.131
MinimumVisualStudioVersion = 10.0.40219.1
Project("{FAE04EC0-301F-11D3-BF4B-00C04F79EFBC}") = "Cadastro de Produto (Exercicio)", "Cadastro de Produto (Exercicio)\Cadastro de Produto (Exercicio).csproj", "{5851A295-9522-47C7-9FA9-4B7BF0C68CD1}"
EndProject
Global
	GlobalSection(SolutionConfigurationPlatforms) = preSolution
		Debug|Any CPU = Debug|Any CPU
		Release|Any CPU = Release|Any CPU
	EndGlobalSection
	GlobalSection(ProjectConfigurationPlatforms) = postSolution
		{5851A295-9522-47C7-9FA9-4B7BF0C68CD1}.Debug|Any CPU.ActiveCfg = Debug|Any CPU
		{5851A295-9522-47C7-9FA9-4B7BF0C68CD1}.Debug|Any CPU.Build.0 = Debug|Any CPU
		{5851A295-9522-47C7-9FA9-4B7BF0C68CD1}.Release|Any CPU.ActiveCfg = Release|Any CPU
		{5851A295-9522-47C7-9FA9-4B7BF0C68CD1}.Release|Any CPU.Build.0 = Release|Any CPU
	EndGlobalSection
	GlobalSection(SolutionProperties) = preSolution
		HideSolutionNode = FALSE
	EndGlobalSection
	GlobalSection(ExtensibilityGlobals) = postSolution
		SolutionGuid = {59A8EBBE-27C0-4337-8B45-B5055B236A97}
	EndGlobalSection
EndGlobal
